
Microsoft Visual Studio Solution File, Format Version 12.00
# Visual Studio Version 16
VisualStudioVersion = 16.0.33927.289
MinimumVisualStudioVersion = 10.0.40219.1
Project("{2150E333-8FDC-42A3-9474-1A3956D46DE8}") = "Task0", "Task0", "{23DDF45C-F01A-432C-BFE8-8139BF9C2BAA}"
EndProject
Project("{FAE04EC0-301F-11D3-BF4B-00C04F79EFBC}") = "Tyuiu.DanilovAS.Sprint3.Task0.V25", "Tyuiu.DanilovAS.Sprint3.Task0.V25\Tyuiu.DanilovAS.Sprint3.Task0.V25.csproj", "{9D8E80ED-591C-4011-84D2-B1513E905C32}"
EndProject
Project("{FAE04EC0-301F-11D3-BF4B-00C04F79EFBC}") = "Tyuiu.DanilovAS.Sprint3.Task0.V25.Lib", "Tyuiu.DanilovAS.Sprint3.Task0.V25.Lib\Tyuiu.DanilovAS.Sprint3.Task0.V25.Lib.csproj", "{F331E1D8-D692-4317-BB66-5B935CE303F6}"
EndProject
Project("{FAE04EC0-301F-11D3-BF4B-00C04F79EFBC}") = "Tyuiu.DanilovAS.Sprint3.Task0.V25.Test", "Tyuiu.DanilovAS.Sprint3.Task0.V25.Test\Tyuiu.DanilovAS.Sprint3.Task0.V25.Test.csproj", "{DD2E6C0B-5D8D-42A7-97D4-96AF37A7EAE9}"
EndProject
Project("{2150E333-8FDC-42A3-9474-1A3956D46DE8}") = "Task1", "Task1", "{BC85C202-DC96-4725-8684-152163158E8E}"
EndProject
Project("{FAE04EC0-301F-11D3-BF4B-00C04F79EFBC}") = "Tyuiu.DanilovAS.Sprint3.Task1.V16", "Tyuiu.DanilovAS.Sprint3.Task1.V16\Tyuiu.DanilovAS.Sprint3.Task1.V16.csproj", "{60AFECFB-BD62-4E15-A411-D2E649D10484}"
EndProject
Project("{FAE04EC0-301F-11D3-BF4B-00C04F79EFBC}") = "Tyuiu.DanilovAS.Sprint3.Task1.V16.Lib", "Tyuiu.DanilovAS.Sprint3.Task1.V16.Lib\Tyuiu.DanilovAS.Sprint3.Task1.V16.Lib.csproj", "{05A42B76-9261-4097-90F5-CA61353AAC20}"
EndProject
Project("{FAE04EC0-301F-11D3-BF4B-00C04F79EFBC}") = "Tyuiu.DanilovAS.Sprint3.Task1.V16.Test", "Tyuiu.DanilovAS.Sprint3.Task1.V16.Test\Tyuiu.DanilovAS.Sprint3.Task1.V16.Test.csproj", "{BF9D1C47-98AA-44E5-895C-FCE171AA6247}"
EndProject
Project("{2150E333-8FDC-42A3-9474-1A3956D46DE8}") = "Task2", "Task2", "{6A576EAB-AF1E-429D-B391-4017E8DC00C2}"
EndProject
Project("{FAE04EC0-301F-11D3-BF4B-00C04F79EFBC}") = "Tyuiu.DanilovAS.Sprint3.Task2.V7", "Tyuiu.DanilovAS.Sprint3.Task2.V7\Tyuiu.DanilovAS.Sprint3.Task2.V7.csproj", "{A54EB2C3-686F-48B9-AAB0-A336768F4575}"
EndProject
Project("{FAE04EC0-301F-11D3-BF4B-00C04F79EFBC}") = "Tyuiu.DanilovAS.Sprint3.Task2.V7.Lib", "Tyuiu.DanilovAS.Sprint3.Task2.V7.Lib\Tyuiu.DanilovAS.Sprint3.Task2.V7.Lib.csproj", "{1FC2A19E-8BC7-4974-AC6B-6EF998B426F5}"
EndProject
Project("{FAE04EC0-301F-11D3-BF4B-00C04F79EFBC}") = "Tyuiu.DanilovAS.Sprint3.Task2.V7.Test", "Tyuiu.DanilovAS.Sprint3.Task2.V7.Test\Tyuiu.DanilovAS.Sprint3.Task2.V7.Test.csproj", "{6FF12207-B189-4DA3-86EB-882233BCB830}"
EndProject
Project("{2150E333-8FDC-42A3-9474-1A3956D46DE8}") = "Task3", "Task3", "{CBCEF9B7-1ADE-484C-B28F-9812B9C6A7B3}"
EndProject
Project("{FAE04EC0-301F-11D3-BF4B-00C04F79EFBC}") = "Tyuiu.DanilovAS.Sprint3.Task3.V25", "Tyuiu.DanilovAS.Sprint3.Task3.V25\Tyuiu.DanilovAS.Sprint3.Task3.V25.csproj", "{9BBFFDD4-97B6-41A7-9796-26EA8CB9E202}"
EndProject
Project("{FAE04EC0-301F-11D3-BF4B-00C04F79EFBC}") = "Tyuiu.DanilovAS.Sprint3.Task3.V25.Lib", "Tyuiu.DanilovAS.Sprint3.Task3.V25.Lib\Tyuiu.DanilovAS.Sprint3.Task3.V25.Lib.csproj", "{7DBC7F21-763E-4579-90B3-AAA2414E88E3}"
EndProject
Project("{FAE04EC0-301F-11D3-BF4B-00C04F79EFBC}") = "Tyuiu.DanilovAS.Sprint3.Task3.V25.Test", "Tyuiu.DanilovAS.Sprint3.Task3.V25.Test\Tyuiu.DanilovAS.Sprint3.Task3.V25.Test.csproj", "{1A8A6514-9D33-4D84-87F3-84FB41723CE6}"
EndProject
Project("{2150E333-8FDC-42A3-9474-1A3956D46DE8}") = "Task4", "Task4", "{AC3371DA-9DAC-40D1-9B65-254C04B66EFB}"
EndProject
Project("{FAE04EC0-301F-11D3-BF4B-00C04F79EFBC}") = "Tyuiu.DanilovAS.Sprint3.Task4.V15", "Tyuiu.DanilovAS.Sprint3.Task4.V15\Tyuiu.DanilovAS.Sprint3.Task4.V15.csproj", "{391D2F41-C502-4CBF-BE3E-BAB0B80F6F6E}"
EndProject
Project("{FAE04EC0-301F-11D3-BF4B-00C04F79EFBC}") = "Tyuiu.DanilovAS.Sprint3.Task4.V15.Lib", "Tyuiu.DanilovAS.Sprint3.Task4.V15.Lib\Tyuiu.DanilovAS.Sprint3.Task4.V15.Lib.csproj", "{C9EACD95-38FC-44AE-B538-3A1C8D62CB0D}"
EndProject
Project("{FAE04EC0-301F-11D3-BF4B-00C04F79EFBC}") = "Tyuiu.DanilovAS.Sprint3.Task4.V15.Test", "Tyuiu.DanilovAS.Sprint3.Task4.V15.Test\Tyuiu.DanilovAS.Sprint3.Task4.V15.Test.csproj", "{054EDA49-8322-457C-BB1F-B11DFE2E2370}"
EndProject
Project("{2150E333-8FDC-42A3-9474-1A3956D46DE8}") = "Task5", "Task5", "{26554453-3E04-4FA1-8AFF-48B333B123AC}"
EndProject
Project("{FAE04EC0-301F-11D3-BF4B-00C04F79EFBC}") = "Tyuiu.DanilovAS.Sprint3.Task5.V17", "Tyuiu.DanilovAS.Sprint3.Task5.V17\Tyuiu.DanilovAS.Sprint3.Task5.V17.csproj", "{31B1D052-8BDE-4498-B692-A551CCA4A95A}"
EndProject
Project("{FAE04EC0-301F-11D3-BF4B-00C04F79EFBC}") = "Tyuiu.DanilovAS.Sprint3.Task5.V17.Lib", "Tyuiu.DanilovAS.Sprint3.Task5.V17.Lib\Tyuiu.DanilovAS.Sprint3.Task5.V17.Lib.csproj", "{7B03C4FC-E5F8-46CD-8A25-138893BE5A3E}"
EndProject
Project("{FAE04EC0-301F-11D3-BF4B-00C04F79EFBC}") = "Tyuiu.DanilovAS.Sprint3.Task5.V17.Test", "Tyuiu.DanilovAS.Sprint3.Task5.V17.Test\Tyuiu.DanilovAS.Sprint3.Task5.V17.Test.csproj", "{A613A667-8579-463D-BA58-3090A9CBF2F4}"
EndProject
Global
	GlobalSection(SolutionConfigurationPlatforms) = preSolution
		Debug|Any CPU = Debug|Any CPU
		Release|Any CPU = Release|Any CPU
	EndGlobalSection
	GlobalSection(ProjectConfigurationPlatforms) = postSolution
		{9D8E80ED-591C-4011-84D2-B1513E905C32}.Debug|Any CPU.ActiveCfg = Debug|Any CPU
		{9D8E80ED-591C-4011-84D2-B1513E905C32}.Debug|Any CPU.Build.0 = Debug|Any CPU
		{9D8E80ED-591C-4011-84D2-B1513E905C32}.Release|Any CPU.ActiveCfg = Release|Any CPU
		{9D8E80ED-591C-4011-84D2-B1513E905C32}.Release|Any CPU.Build.0 = Release|Any CPU
		{F331E1D8-D692-4317-BB66-5B935CE303F6}.Debug|Any CPU.ActiveCfg = Debug|Any CPU
		{F331E1D8-D692-4317-BB66-5B935CE303F6}.Debug|Any CPU.Build.0 = Debug|Any CPU
		{F331E1D8-D692-4317-BB66-5B935CE303F6}.Release|Any CPU.ActiveCfg = Release|Any CPU
		{F331E1D8-D692-4317-BB66-5B935CE303F6}.Release|Any CPU.Build.0 = Release|Any CPU
		{DD2E6C0B-5D8D-42A7-97D4-96AF37A7EAE9}.Debug|Any CPU.ActiveCfg = Debug|Any CPU
		{DD2E6C0B-5D8D-42A7-97D4-96AF37A7EAE9}.Debug|Any CPU.Build.0 = Debug|Any CPU
		{DD2E6C0B-5D8D-42A7-97D4-96AF37A7EAE9}.Release|Any CPU.ActiveCfg = Release|Any CPU
		{DD2E6C0B-5D8D-42A7-97D4-96AF37A7EAE9}.Release|Any CPU.Build.0 = Release|Any CPU
		{60AFECFB-BD62-4E15-A411-D2E649D10484}.Debug|Any CPU.ActiveCfg = Debug|Any CPU
		{60AFECFB-BD62-4E15-A411-D2E649D10484}.Debug|Any CPU.Build.0 = Debug|Any CPU
		{60AFECFB-BD62-4E15-A411-D2E649D10484}.Release|Any CPU.ActiveCfg = Release|Any CPU
		{60AFECFB-BD62-4E15-A411-D2E649D10484}.Release|Any CPU.Build.0 = Release|Any CPU
		{05A42B76-9261-4097-90F5-CA61353AAC20}.Debug|Any CPU.ActiveCfg = Debug|Any CPU
		{05A42B76-9261-4097-90F5-CA61353AAC20}.Debug|Any CPU.Build.0 = Debug|Any CPU
		{05A42B76-9261-4097-90F5-CA61353AAC20}.Release|Any CPU.ActiveCfg = Release|Any CPU
		{05A42B76-9261-4097-90F5-CA61353AAC20}.Release|Any CPU.Build.0 = Release|Any CPU
		{BF9D1C47-98AA-44E5-895C-FCE171AA6247}.Debug|Any CPU.ActiveCfg = Debug|Any CPU
		{BF9D1C47-98AA-44E5-895C-FCE171AA6247}.Debug|Any CPU.Build.0 = Debug|Any CPU
		{BF9D1C47-98AA-44E5-895C-FCE171AA6247}.Release|Any CPU.ActiveCfg = Release|Any CPU
		{BF9D1C47-98AA-44E5-895C-FCE171AA6247}.Release|Any CPU.Build.0 = Release|Any CPU
		{A54EB2C3-686F-48B9-AAB0-A336768F4575}.Debug|Any CPU.ActiveCfg = Debug|Any CPU
		{A54EB2C3-686F-48B9-AAB0-A336768F4575}.Debug|Any CPU.Build.0 = Debug|Any CPU
		{A54EB2C3-686F-48B9-AAB0-A336768F4575}.Release|Any CPU.ActiveCfg = Release|Any CPU
		{A54EB2C3-686F-48B9-AAB0-A336768F4575}.Release|Any CPU.Build.0 = Release|Any CPU
		{1FC2A19E-8BC7-4974-AC6B-6EF998B426F5}.Debug|Any CPU.ActiveCfg = Debug|Any CPU
		{1FC2A19E-8BC7-4974-AC6B-6EF998B426F5}.Debug|Any CPU.Build.0 = Debug|Any CPU
		{1FC2A19E-8BC7-4974-AC6B-6EF998B426F5}.Release|Any CPU.ActiveCfg = Release|Any CPU
		{1FC2A19E-8BC7-4974-AC6B-6EF998B426F5}.Release|Any CPU.Build.0 = Release|Any CPU
		{6FF12207-B189-4DA3-86EB-882233BCB830}.Debug|Any CPU.ActiveCfg = Debug|Any CPU
		{6FF12207-B189-4DA3-86EB-882233BCB830}.Debug|Any CPU.Build.0 = Debug|Any CPU
		{6FF12207-B189-4DA3-86EB-882233BCB830}.Release|Any CPU.ActiveCfg = Release|Any CPU
		{6FF12207-B189-4DA3-86EB-882233BCB830}.Release|Any CPU.Build.0 = Release|Any CPU
		{9BBFFDD4-97B6-41A7-9796-26EA8CB9E202}.Debug|Any CPU.ActiveCfg = Debug|Any CPU
		{9BBFFDD4-97B6-41A7-9796-26EA8CB9E202}.Debug|Any CPU.Build.0 = Debug|Any CPU
		{9BBFFDD4-97B6-41A7-9796-26EA8CB9E202}.Release|Any CPU.ActiveCfg = Release|Any CPU
		{9BBFFDD4-97B6-41A7-9796-26EA8CB9E202}.Release|Any CPU.Build.0 = Release|Any CPU
		{7DBC7F21-763E-4579-90B3-AAA2414E88E3}.Debug|Any CPU.ActiveCfg = Debug|Any CPU
		{7DBC7F21-763E-4579-90B3-AAA2414E88E3}.Debug|Any CPU.Build.0 = Debug|Any CPU
		{7DBC7F21-763E-4579-90B3-AAA2414E88E3}.Release|Any CPU.ActiveCfg = Release|Any CPU
		{7DBC7F21-763E-4579-90B3-AAA2414E88E3}.Release|Any CPU.Build.0 = Release|Any CPU
		{1A8A6514-9D33-4D84-87F3-84FB41723CE6}.Debug|Any CPU.ActiveCfg = Debug|Any CPU
		{1A8A6514-9D33-4D84-87F3-84FB41723CE6}.Debug|Any CPU.Build.0 = Debug|Any CPU
		{1A8A6514-9D33-4D84-87F3-84FB41723CE6}.Release|Any CPU.ActiveCfg = Release|Any CPU
		{1A8A6514-9D33-4D84-87F3-84FB41723CE6}.Release|Any CPU.Build.0 = Release|Any CPU
		{391D2F41-C502-4CBF-BE3E-BAB0B80F6F6E}.Debug|Any CPU.ActiveCfg = Debug|Any CPU
		{391D2F41-C502-4CBF-BE3E-BAB0B80F6F6E}.Debug|Any CPU.Build.0 = Debug|Any CPU
		{391D2F41-C502-4CBF-BE3E-BAB0B80F6F6E}.Release|Any CPU.ActiveCfg = Release|Any CPU
		{391D2F41-C502-4CBF-BE3E-BAB0B80F6F6E}.Release|Any CPU.Build.0 = Release|Any CPU
		{C9EACD95-38FC-44AE-B538-3A1C8D62CB0D}.Debug|Any CPU.ActiveCfg = Debug|Any CPU
		{C9EACD95-38FC-44AE-B538-3A1C8D62CB0D}.Debug|Any CPU.Build.0 = Debug|Any CPU
		{C9EACD95-38FC-44AE-B538-3A1C8D62CB0D}.Release|Any CPU.ActiveCfg = Release|Any CPU
		{C9EACD95-38FC-44AE-B538-3A1C8D62CB0D}.Release|Any CPU.Build.0 = Release|Any CPU
		{054EDA49-8322-457C-BB1F-B11DFE2E2370}.Debug|Any CPU.ActiveCfg = Debug|Any CPU
		{054EDA49-8322-457C-BB1F-B11DFE2E2370}.Debug|Any CPU.Build.0 = Debug|Any CPU
		{054EDA49-8322-457C-BB1F-B11DFE2E2370}.Release|Any CPU.ActiveCfg = Release|Any CPU
		{054EDA49-8322-457C-BB1F-B11DFE2E2370}.Release|Any CPU.Build.0 = Release|Any CPU
		{31B1D052-8BDE-4498-B692-A551CCA4A95A}.Debug|Any CPU.ActiveCfg = Debug|Any CPU
		{31B1D052-8BDE-4498-B692-A551CCA4A95A}.Debug|Any CPU.Build.0 = Debug|Any CPU
		{31B1D052-8BDE-4498-B692-A551CCA4A95A}.Release|Any CPU.ActiveCfg = Release|Any CPU
		{31B1D052-8BDE-4498-B692-A551CCA4A95A}.Release|Any CPU.Build.0 = Release|Any CPU
		{7B03C4FC-E5F8-46CD-8A25-138893BE5A3E}.Debug|Any CPU.ActiveCfg = Debug|Any CPU
		{7B03C4FC-E5F8-46CD-8A25-138893BE5A3E}.Debug|Any CPU.Build.0 = Debug|Any CPU
		{7B03C4FC-E5F8-46CD-8A25-138893BE5A3E}.Release|Any CPU.ActiveCfg = Release|Any CPU
		{7B03C4FC-E5F8-46CD-8A25-138893BE5A3E}.Release|Any CPU.Build.0 = Release|Any CPU
		{A613A667-8579-463D-BA58-3090A9CBF2F4}.Debug|Any CPU.ActiveCfg = Debug|Any CPU
		{A613A667-8579-463D-BA58-3090A9CBF2F4}.Debug|Any CPU.Build.0 = Debug|Any CPU
		{A613A667-8579-463D-BA58-3090A9CBF2F4}.Release|Any CPU.ActiveCfg = Release|Any CPU
		{A613A667-8579-463D-BA58-3090A9CBF2F4}.Release|Any CPU.Build.0 = Release|Any CPU
	EndGlobalSection
	GlobalSection(SolutionProperties) = preSolution
		HideSolutionNode = FALSE
	EndGlobalSection
	GlobalSection(NestedProjects) = preSolution
		{9D8E80ED-591C-4011-84D2-B1513E905C32} = {23DDF45C-F01A-432C-BFE8-8139BF9C2BAA}
		{F331E1D8-D692-4317-BB66-5B935CE303F6} = {23DDF45C-F01A-432C-BFE8-8139BF9C2BAA}
		{DD2E6C0B-5D8D-42A7-97D4-96AF37A7EAE9} = {23DDF45C-F01A-432C-BFE8-8139BF9C2BAA}
		{60AFECFB-BD62-4E15-A411-D2E649D10484} = {BC85C202-DC96-4725-8684-152163158E8E}
		{05A42B76-9261-4097-90F5-CA61353AAC20} = {BC85C202-DC96-4725-8684-152163158E8E}
		{BF9D1C47-98AA-44E5-895C-FCE171AA6247} = {BC85C202-DC96-4725-8684-152163158E8E}
		{A54EB2C3-686F-48B9-AAB0-A336768F4575} = {6A576EAB-AF1E-429D-B391-4017E8DC00C2}
		{1FC2A19E-8BC7-4974-AC6B-6EF998B426F5} = {6A576EAB-AF1E-429D-B391-4017E8DC00C2}
		{6FF12207-B189-4DA3-86EB-882233BCB830} = {6A576EAB-AF1E-429D-B391-4017E8DC00C2}
		{9BBFFDD4-97B6-41A7-9796-26EA8CB9E202} = {CBCEF9B7-1ADE-484C-B28F-9812B9C6A7B3}
		{7DBC7F21-763E-4579-90B3-AAA2414E88E3} = {CBCEF9B7-1ADE-484C-B28F-9812B9C6A7B3}
		{1A8A6514-9D33-4D84-87F3-84FB41723CE6} = {CBCEF9B7-1ADE-484C-B28F-9812B9C6A7B3}
		{391D2F41-C502-4CBF-BE3E-BAB0B80F6F6E} = {AC3371DA-9DAC-40D1-9B65-254C04B66EFB}
		{C9EACD95-38FC-44AE-B538-3A1C8D62CB0D} = {AC3371DA-9DAC-40D1-9B65-254C04B66EFB}
		{054EDA49-8322-457C-BB1F-B11DFE2E2370} = {AC3371DA-9DAC-40D1-9B65-254C04B66EFB}
		{31B1D052-8BDE-4498-B692-A551CCA4A95A} = {26554453-3E04-4FA1-8AFF-48B333B123AC}
		{7B03C4FC-E5F8-46CD-8A25-138893BE5A3E} = {26554453-3E04-4FA1-8AFF-48B333B123AC}
		{A613A667-8579-463D-BA58-3090A9CBF2F4} = {26554453-3E04-4FA1-8AFF-48B333B123AC}
	EndGlobalSection
	GlobalSection(ExtensibilityGlobals) = postSolution
		SolutionGuid = {C214BADE-6BAE-43B3-AE15-BAA02CC08F65}
	EndGlobalSection
EndGlobal
